
Microsoft Visual Studio Solution File, Format Version 12.00
# Visual Studio Version 16
VisualStudioVersion = 16.0.810.18
MinimumVisualStudioVersion = 10.0.40219.1
Project("{FAE04EC0-301F-11D3-BF4B-00C04F79EFBC}") = "Calculator", "Calculator\Calculator.csproj", "{C6198A45-C95A-4E54-A0BC-A2B61D7DD385}"
EndProject
Project("{FAE04EC0-301F-11D3-BF4B-00C04F79EFBC}") = "CalculatorLibrary", "CalculatorLibrary\CalculatorLibrary.csproj", "{CC9B5F8C-0A4B-44A2-B9D4-18DB85ADD168}"
EndProject
Global
	GlobalSection(SolutionConfigurationPlatforms) = preSolution
		Debug|Any CPU = Debug|Any CPU
		Release|Any CPU = Release|Any CPU
	EndGlobalSection
	GlobalSection(ProjectConfigurationPlatforms) = postSolution
		{C6198A45-C95A-4E54-A0BC-A2B61D7DD385}.Debug|Any CPU.ActiveCfg = Debug|Any CPU
		{C6198A45-C95A-4E54-A0BC-A2B61D7DD385}.Debug|Any CPU.Build.0 = Debug|Any CPU
		{C6198A45-C95A-4E54-A0BC-A2B61D7DD385}.Release|Any CPU.ActiveCfg = Release|Any CPU
		{C6198A45-C95A-4E54-A0BC-A2B61D7DD385}.Release|Any CPU.Build.0 = Release|Any CPU
		{CC9B5F8C-0A4B-44A2-B9D4-18DB85ADD168}.Debug|Any CPU.ActiveCfg = Debug|Any CPU
		{CC9B5F8C-0A4B-44A2-B9D4-18DB85ADD168}.Debug|Any CPU.Build.0 = Debug|Any CPU
		{CC9B5F8C-0A4B-44A2-B9D4-18DB85ADD168}.Release|Any CPU.ActiveCfg = Release|Any CPU
		{CC9B5F8C-0A4B-44A2-B9D4-18DB85ADD168}.Release|Any CPU.Build.0 = Release|Any CPU
	EndGlobalSection
	GlobalSection(SolutionProperties) = preSolution
		HideSolutionNode = FALSE
	EndGlobalSection
	GlobalSection(ExtensibilityGlobals) = postSolution
		SolutionGuid = {7CED4895-11F7-45C2-A5B4-9DECDC807446}
	EndGlobalSection
EndGlobal
